{
  "name": "scripts",
  "version": "0.0.0",
  "lockfileVersion": 3,
  "requires": true,
  "packages": {
    "": {
      "name": "scripts",
      "version": "0.0.0",
      "license": "ISC",
      "dependencies": {
        "@invariant-labs/vara-sdk": "0.1.2",
        "dotenv": "^16.4.5"
      },
      "devDependencies": {
        "typescript": "^5.5.3"
      }
    },
    "../sdk": {
      "name": "@invariant-labs/vara-sdk",
      "version": "0.1.2",
      "license": "ISC",
      "workspaces": [
        "src/wasm/pkg"
      ],
      "dependencies": {
        "@gear-js/api": "^0.38.1",
        "sails-js": "^0.1.4",
        "typescript": "^5.4.5"
      },
      "devDependencies": {
        "@types/chai": "^4.3.11",
        "@types/mocha": "^10.0.6",
        "@typescript-eslint/eslint-plugin": "^6.16.0",
        "@typescript-eslint/parser": "^6.16.0",
        "chai": "^5.0.0",
        "eslint": "^8.56.0",
        "ts-mocha": "^10.0.0",
        "ts-node": "^10.9.2",
        "wasm-pack": "^0.12.1"
      }
    },
    "node_modules/@invariant-labs/vara-sdk": {
      "resolved": "../sdk",
      "link": true
    },
    "node_modules/dotenv": {
      "version": "16.4.5",
      "resolved": "https://registry.npmjs.org/dotenv/-/dotenv-16.4.5.tgz",
      "integrity": "sha512-ZmdL2rui+eB2YwhsWzjInR8LldtZHGDoQ1ugH85ppHKwpUHL7j7rN0Ti9NCnGiQbhaZ11FpR+7ao1dNsmduNUg==",
      "license": "BSD-2-Clause",
      "engines": {
        "node": ">=12"
      },
      "funding": {
        "url": "https://dotenvx.com"
      }
    },
    "node_modules/typescript": {
      "version": "5.5.3",
      "resolved": "https://registry.npmjs.org/typescript/-/typescript-5.5.3.tgz",
      "integrity": "sha512-/hreyEujaB0w76zKo6717l3L0o/qEUtRgdvUBvlkhoWeOVMjMuHNHk0BRBzikzuGDqNmPQbg5ifMEqsHLiIUcQ==",
      "dev": true,
      "license": "Apache-2.0",
      "bin": {
        "tsc": "bin/tsc",
        "tsserver": "bin/tsserver"
      },
      "engines": {
        "node": ">=14.17"
      }
    }
  }
}
